
Microsoft Visual Studio Solution File, Format Version 12.00
# Visual Studio 15
VisualStudioVersion = 15.0.28307.421
MinimumVisualStudioVersion = 10.0.40219.1
Project("{FAE04EC0-301F-11D3-BF4B-00C04F79EFBC}") = "LatihanMemberClass", "LatihanMemberClass\LatihanMemberClass.csproj", "{44BF601B-9A09-479C-8EA2-636A52F0EE05}"
EndProject
Global
	GlobalSection(SolutionConfigurationPlatforms) = preSolution
		Debug|Any CPU = Debug|Any CPU
		Release|Any CPU = Release|Any CPU
	EndGlobalSection
	GlobalSection(ProjectConfigurationPlatforms) = postSolution
		{44BF601B-9A09-479C-8EA2-636A52F0EE05}.Debug|Any CPU.ActiveCfg = Debug|Any CPU
		{44BF601B-9A09-479C-8EA2-636A52F0EE05}.Debug|Any CPU.Build.0 = Debug|Any CPU
		{44BF601B-9A09-479C-8EA2-636A52F0EE05}.Release|Any CPU.ActiveCfg = Release|Any CPU
		{44BF601B-9A09-479C-8EA2-636A52F0EE05}.Release|Any CPU.Build.0 = Release|Any CPU
	EndGlobalSection
	GlobalSection(SolutionProperties) = preSolution
		HideSolutionNode = FALSE
	EndGlobalSection
	GlobalSection(ExtensibilityGlobals) = postSolution
		SolutionGuid = {1AFB474B-EFEE-4CA9-A0E7-D6B8DC5E6F56}
	EndGlobalSection
EndGlobal
